
Microsoft Visual Studio Solution File, Format Version 12.00
# Visual Studio 14
VisualStudioVersion = 14.0.25123.0
MinimumVisualStudioVersion = 10.0.40219.1
Project("{FAE04EC0-301F-11D3-BF4B-00C04F79EFBC}") = "Spane_Laboratory", "Spane_Laboratory\Spane_Laboratory.csproj", "{7BC0F397-D923-454B-BD9F-A6D1626E6681}"
EndProject
Project("{FAE04EC0-301F-11D3-BF4B-00C04F79EFBC}") = "Lab.Models", "Lab.Models\Lab.Models.csproj", "{7FC72566-C80E-4F2E-8BED-100A0A092CDB}"
EndProject
Global
	GlobalSection(SolutionConfigurationPlatforms) = preSolution
		Debug|Any CPU = Debug|Any CPU
		Release|Any CPU = Release|Any CPU
	EndGlobalSection
	GlobalSection(ProjectConfigurationPlatforms) = postSolution
		{7BC0F397-D923-454B-BD9F-A6D1626E6681}.Debug|Any CPU.ActiveCfg = Debug|Any CPU
		{7BC0F397-D923-454B-BD9F-A6D1626E6681}.Debug|Any CPU.Build.0 = Debug|Any CPU
		{7BC0F397-D923-454B-BD9F-A6D1626E6681}.Release|Any CPU.ActiveCfg = Release|Any CPU
		{7BC0F397-D923-454B-BD9F-A6D1626E6681}.Release|Any CPU.Build.0 = Release|Any CPU
		{7FC72566-C80E-4F2E-8BED-100A0A092CDB}.Debug|Any CPU.ActiveCfg = Debug|Any CPU
		{7FC72566-C80E-4F2E-8BED-100A0A092CDB}.Debug|Any CPU.Build.0 = Debug|Any CPU
		{7FC72566-C80E-4F2E-8BED-100A0A092CDB}.Release|Any CPU.ActiveCfg = Release|Any CPU
		{7FC72566-C80E-4F2E-8BED-100A0A092CDB}.Release|Any CPU.Build.0 = Release|Any CPU
	EndGlobalSection
	GlobalSection(SolutionProperties) = preSolution
		HideSolutionNode = FALSE
	EndGlobalSection
EndGlobal
